
Microsoft Visual Studio Solution File, Format Version 12.00
# Visual Studio Version 17
VisualStudioVersion = 17.0.31717.71
MinimumVisualStudioVersion = 10.0.40219.1
Project("{9A19103F-16F7-4668-BE54-9A1E7A4F7556}") = "BBPPiCalculator", "BBPPiCalculator\BBPPiCalculator.csproj", "{A21B84A2-F06F-44EC-BBE6-7990696145DF}"
EndProject
Project("{9A19103F-16F7-4668-BE54-9A1E7A4F7556}") = "BBP", "BBP\BBP.csproj", "{F0C50720-2D02-40A4-B5E6-EB8BAAA0E117}"
EndProject
Project("{9A19103F-16F7-4668-BE54-9A1E7A4F7556}") = "BBP.Test", "BBP.Test\BBP.Test.csproj", "{093B3281-36E4-4D32-82D8-404EB1447283}"
EndProject
Project("{9A19103F-16F7-4668-BE54-9A1E7A4F7556}") = "BBP.FasterKVMiner", "BBP.FasterKVMiner\BBP.FasterKVMiner.csproj", "{9AE07C89-4A1D-40DD-A003-BD4802F6DF41}"
EndProject
Project("{9A19103F-16F7-4668-BE54-9A1E7A4F7556}") = "BBP.FasterKVMiner.Test", "BBP.FasterKVMiner.Test\BBP.FasterKVMiner.Test.csproj", "{C2A0F915-06F8-4F68-9793-AC8C7E3B84EC}"
EndProject
Project("{2150E333-8FDC-42A3-9474-1A3956D46DE8}") = "Solution Items", "Solution Items", "{9521386F-9574-465C-90CE-783737596906}"
	ProjectSection(SolutionItems) = preProject
		.editorconfig = .editorconfig
	EndProjectSection
EndProject
Global
	GlobalSection(SolutionConfigurationPlatforms) = preSolution
		Debug|Any CPU = Debug|Any CPU
		Release|Any CPU = Release|Any CPU
	EndGlobalSection
	GlobalSection(ProjectConfigurationPlatforms) = postSolution
		{A21B84A2-F06F-44EC-BBE6-7990696145DF}.Debug|Any CPU.ActiveCfg = Debug|Any CPU
		{A21B84A2-F06F-44EC-BBE6-7990696145DF}.Debug|Any CPU.Build.0 = Debug|Any CPU
		{A21B84A2-F06F-44EC-BBE6-7990696145DF}.Release|Any CPU.ActiveCfg = Release|Any CPU
		{A21B84A2-F06F-44EC-BBE6-7990696145DF}.Release|Any CPU.Build.0 = Release|Any CPU
		{F0C50720-2D02-40A4-B5E6-EB8BAAA0E117}.Debug|Any CPU.ActiveCfg = Debug|Any CPU
		{F0C50720-2D02-40A4-B5E6-EB8BAAA0E117}.Debug|Any CPU.Build.0 = Debug|Any CPU
		{F0C50720-2D02-40A4-B5E6-EB8BAAA0E117}.Release|Any CPU.ActiveCfg = Release|Any CPU
		{F0C50720-2D02-40A4-B5E6-EB8BAAA0E117}.Release|Any CPU.Build.0 = Release|Any CPU
		{093B3281-36E4-4D32-82D8-404EB1447283}.Debug|Any CPU.ActiveCfg = Debug|Any CPU
		{093B3281-36E4-4D32-82D8-404EB1447283}.Debug|Any CPU.Build.0 = Debug|Any CPU
		{093B3281-36E4-4D32-82D8-404EB1447283}.Release|Any CPU.ActiveCfg = Release|Any CPU
		{093B3281-36E4-4D32-82D8-404EB1447283}.Release|Any CPU.Build.0 = Release|Any CPU
		{9AE07C89-4A1D-40DD-A003-BD4802F6DF41}.Debug|Any CPU.ActiveCfg = Debug|Any CPU
		{9AE07C89-4A1D-40DD-A003-BD4802F6DF41}.Debug|Any CPU.Build.0 = Debug|Any CPU
		{9AE07C89-4A1D-40DD-A003-BD4802F6DF41}.Release|Any CPU.ActiveCfg = Release|Any CPU
		{9AE07C89-4A1D-40DD-A003-BD4802F6DF41}.Release|Any CPU.Build.0 = Release|Any CPU
		{C2A0F915-06F8-4F68-9793-AC8C7E3B84EC}.Debug|Any CPU.ActiveCfg = Debug|Any CPU
		{C2A0F915-06F8-4F68-9793-AC8C7E3B84EC}.Debug|Any CPU.Build.0 = Debug|Any CPU
		{C2A0F915-06F8-4F68-9793-AC8C7E3B84EC}.Release|Any CPU.ActiveCfg = Release|Any CPU
		{C2A0F915-06F8-4F68-9793-AC8C7E3B84EC}.Release|Any CPU.Build.0 = Release|Any CPU
	EndGlobalSection
	GlobalSection(SolutionProperties) = preSolution
		HideSolutionNode = FALSE
	EndGlobalSection
	GlobalSection(ExtensibilityGlobals) = postSolution
		SolutionGuid = {AE27164D-502D-44B3-B5B7-79AA0711FD44}
	EndGlobalSection
EndGlobal
